
Microsoft Visual Studio Solution File, Format Version 12.00
# Visual Studio Version 16
VisualStudioVersion = 16.0.30523.141
MinimumVisualStudioVersion = 10.0.40219.1
Project("{FAE04EC0-301F-11D3-BF4B-00C04F79EFBC}") = "bodyfactory", "bodyfactory.csproj", "{6EB5D338-B62A-4D68-B736-F30B7C81CBD9}"
EndProject
Global
	GlobalSection(SolutionConfigurationPlatforms) = preSolution
		Debug|Any CPU = Debug|Any CPU
		Release|Any CPU = Release|Any CPU
	EndGlobalSection
	GlobalSection(ProjectConfigurationPlatforms) = postSolution
		{6EB5D338-B62A-4D68-B736-F30B7C81CBD9}.Debug|Any CPU.ActiveCfg = Debug|Any CPU
		{6EB5D338-B62A-4D68-B736-F30B7C81CBD9}.Debug|Any CPU.Build.0 = Debug|Any CPU
		{6EB5D338-B62A-4D68-B736-F30B7C81CBD9}.Release|Any CPU.ActiveCfg = Release|Any CPU
		{6EB5D338-B62A-4D68-B736-F30B7C81CBD9}.Release|Any CPU.Build.0 = Release|Any CPU
	EndGlobalSection
	GlobalSection(SolutionProperties) = preSolution
		HideSolutionNode = FALSE
	EndGlobalSection
	GlobalSection(ExtensibilityGlobals) = postSolution
		SolutionGuid = {E6774868-4FF5-4D4A-B6B5-E0B53E0263F8}
	EndGlobalSection
EndGlobal
